
Microsoft Visual Studio Solution File, Format Version 12.00
# Visual Studio Version 18
VisualStudioVersion = 18.3.11520.95 d18.3
MinimumVisualStudioVersion = 10.0.40219.1
Project("{FAE04EC0-301F-11D3-BF4B-00C04F79EFBC}") = "Football-Leage", "Football-Leage.csproj", "{90BE5C32-F9A0-F02A-9C86-39410E4F17F7}"
EndProject
Global
	GlobalSection(SolutionConfigurationPlatforms) = preSolution
		Debug|Any CPU = Debug|Any CPU
		Release|Any CPU = Release|Any CPU
	EndGlobalSection
	GlobalSection(ProjectConfigurationPlatforms) = postSolution
		{90BE5C32-F9A0-F02A-9C86-39410E4F17F7}.Debug|Any CPU.ActiveCfg = Debug|Any CPU
		{90BE5C32-F9A0-F02A-9C86-39410E4F17F7}.Debug|Any CPU.Build.0 = Debug|Any CPU
		{90BE5C32-F9A0-F02A-9C86-39410E4F17F7}.Release|Any CPU.ActiveCfg = Release|Any CPU
		{90BE5C32-F9A0-F02A-9C86-39410E4F17F7}.Release|Any CPU.Build.0 = Release|Any CPU
	EndGlobalSection
	GlobalSection(SolutionProperties) = preSolution
		HideSolutionNode = FALSE
	EndGlobalSection
	GlobalSection(ExtensibilityGlobals) = postSolution
		SolutionGuid = {BF3299EA-BB7E-4AE2-B116-5ED876E62B37}
	EndGlobalSection
EndGlobal
